
Microsoft Visual Studio Solution File, Format Version 12.00
# Visual Studio Version 16
VisualStudioVersion = 16.0.29306.81
MinimumVisualStudioVersion = 10.0.40219.1
Project("{FAE04EC0-301F-11D3-BF4B-00C04F79EFBC}") = "Generate the Factorial of Given Number", "Generate the Factorial of Given Number\Generate the Factorial of Given Number.csproj", "{9D965699-4AFF-4FDC-9757-9727EEFE4FF9}"
EndProject
Global
	GlobalSection(SolutionConfigurationPlatforms) = preSolution
		Debug|Any CPU = Debug|Any CPU
		Release|Any CPU = Release|Any CPU
	EndGlobalSection
	GlobalSection(ProjectConfigurationPlatforms) = postSolution
		{9D965699-4AFF-4FDC-9757-9727EEFE4FF9}.Debug|Any CPU.ActiveCfg = Debug|Any CPU
		{9D965699-4AFF-4FDC-9757-9727EEFE4FF9}.Debug|Any CPU.Build.0 = Debug|Any CPU
		{9D965699-4AFF-4FDC-9757-9727EEFE4FF9}.Release|Any CPU.ActiveCfg = Release|Any CPU
		{9D965699-4AFF-4FDC-9757-9727EEFE4FF9}.Release|Any CPU.Build.0 = Release|Any CPU
	EndGlobalSection
	GlobalSection(SolutionProperties) = preSolution
		HideSolutionNode = FALSE
	EndGlobalSection
	GlobalSection(ExtensibilityGlobals) = postSolution
		SolutionGuid = {F79F47B5-D618-463F-8DA9-71771FE0F196}
	EndGlobalSection
EndGlobal
